
Microsoft Visual Studio Solution File, Format Version 12.00
# Visual Studio Version 17
VisualStudioVersion = 17.14.36623.8
MinimumVisualStudioVersion = 10.0.40219.1
Project("{2150E333-8FDC-42A3-9474-1A3956D46DE8}") = "Services", "Services", "{02EA681E-C7D8-13C7-8484-4AC65E1B71E8}"
EndProject
Project("{2150E333-8FDC-42A3-9474-1A3956D46DE8}") = "Catalog", "Catalog", "{5A652CC4-6B91-4CA4-9631-DBED716E04C8}"
EndProject
Project("{FAE04EC0-301F-11D3-BF4B-00C04F79EFBC}") = "Catalog.API", "Services\Catalog\Catalog.API\Catalog.API.csproj", "{CC406433-477D-45FB-BECF-AD58FCBAC333}"
EndProject
Project("{FAE04EC0-301F-11D3-BF4B-00C04F79EFBC}") = "Catalog.Application", "Services\Catalog\Catalog.Application\Catalog.Application.csproj", "{9587E1AC-0B8D-46FC-8D07-3EF3B3D7B17B}"
EndProject
Project("{FAE04EC0-301F-11D3-BF4B-00C04F79EFBC}") = "Catalog.Core", "Services\Catalog\Catalog.Core\Catalog.Core.csproj", "{576B1B50-C388-4AB4-B89C-88B5644C11A0}"
EndProject
Project("{FAE04EC0-301F-11D3-BF4B-00C04F79EFBC}") = "Catalog.Infrastructure", "Services\Catalog\Catalog.Infrastructure\Catalog.Infrastructure.csproj", "{D7CAFED7-90CE-4EC6-BB64-028E31FEC3BF}"
EndProject
Project("{E53339B2-1760-4266-BCC7-CA923CBCF16C}") = "docker-compose", "docker-compose.dcproj", "{81DDED9D-158B-E303-5F62-77A2896D2A5A}"
EndProject
Project("{2150E333-8FDC-42A3-9474-1A3956D46DE8}") = "Basket", "Basket", "{3B2C64D0-C094-4906-9171-28E0FAE3B683}"
EndProject
Project("{FAE04EC0-301F-11D3-BF4B-00C04F79EFBC}") = "Basket.API", "Services\Basket\Basket.API\Basket.API.csproj", "{B75F389F-36D7-4A61-8DC4-3C5D8156FDC1}"
EndProject
Project("{FAE04EC0-301F-11D3-BF4B-00C04F79EFBC}") = "Basket.Core", "Services\Basket\Basket.Core\Basket.Core.csproj", "{365DB65C-092E-4A27-BA85-0F0C0B1B462B}"
EndProject
Project("{FAE04EC0-301F-11D3-BF4B-00C04F79EFBC}") = "Basket.Application", "Services\Basket\Basket.Application\Basket.Application.csproj", "{D5EB32E7-BD60-4252-8289-3274342E7A66}"
EndProject
Project("{FAE04EC0-301F-11D3-BF4B-00C04F79EFBC}") = "Basket.Infrastructure", "Services\Basket\Basket.Infrastructure\Basket.Infrastructure.csproj", "{A0A3AF27-306C-4FA9-BB3F-8C60AD7A7697}"
EndProject
Project("{2150E333-8FDC-42A3-9474-1A3956D46DE8}") = "Discount", "Discount", "{08D425A5-592B-492B-AA17-26CDDF603BCD}"
EndProject
Project("{FAE04EC0-301F-11D3-BF4B-00C04F79EFBC}") = "Discount.API", "Services\Discount\Discount.API\Discount.API.csproj", "{40668CE0-2223-41DE-8DF9-B2D9950740B5}"
EndProject
Project("{FAE04EC0-301F-11D3-BF4B-00C04F79EFBC}") = "Discount.Application", "Services\Discount\Discount.Application\Discount.Application.csproj", "{85C7D01D-D5F7-4692-9F96-DA6B2FE4CAB1}"
EndProject
Project("{FAE04EC0-301F-11D3-BF4B-00C04F79EFBC}") = "Discount.Core", "Services\Discount\Discount.Core\Discount.Core.csproj", "{50F97228-210F-4ED4-97EB-6B916B3F9628}"
EndProject
Project("{FAE04EC0-301F-11D3-BF4B-00C04F79EFBC}") = "Discount.Infrastructure", "Services\Discount\Discount.Infrastructure\Discount.Infrastructure.csproj", "{375FE1A5-833A-47FB-A51E-8C198C60AC38}"
EndProject
Project("{2150E333-8FDC-42A3-9474-1A3956D46DE8}") = "Ordering", "Ordering", "{28981AF4-1BE8-4F90-A575-7C3DB8E48A5C}"
EndProject
Project("{FAE04EC0-301F-11D3-BF4B-00C04F79EFBC}") = "Ordering.API", "Services\Ordering\Ordering.API\Ordering.API.csproj", "{531B7858-7405-4EA3-963A-EC2AC1E9113B}"
EndProject
Project("{FAE04EC0-301F-11D3-BF4B-00C04F79EFBC}") = "Ordering.Application", "Services\Ordering\Ordering.Application\Ordering.Application.csproj", "{2B6F7CBB-7989-4A9F-B57C-C8A7FF14146B}"
EndProject
Project("{FAE04EC0-301F-11D3-BF4B-00C04F79EFBC}") = "Ordering.Core", "Services\Ordering\Ordering.Core\Ordering.Core.csproj", "{86BF1708-DC89-4598-8F87-725133449955}"
EndProject
Project("{FAE04EC0-301F-11D3-BF4B-00C04F79EFBC}") = "Ordering.Infrastructure", "Services\Ordering\Ordering.Infrastructure\Ordering.Infrastructure.csproj", "{EB2F69BE-29C4-4213-BB6B-6C25EE191E6C}"
EndProject
Project("{2150E333-8FDC-42A3-9474-1A3956D46DE8}") = "Infrastructure", "Infrastructure", "{45883B63-4CFA-4876-B408-22C4B37D5585}"
EndProject
Project("{FAE04EC0-301F-11D3-BF4B-00C04F79EFBC}") = "EventBus.Messages", "Infrastructure\EventBus.Messages\EventBus.Messages.csproj", "{627F406D-9F48-4138-ADC1-0BB3A07882EA}"
EndProject
Project("{FAE04EC0-301F-11D3-BF4B-00C04F79EFBC}") = "Common.Logging", "Infrastructure\Common.Logging\Common.Logging.csproj", "{2677791C-4674-4DD7-BC70-DEA23E4D518C}"
EndProject
Project("{2150E333-8FDC-42A3-9474-1A3956D46DE8}") = "Thoeory", "Thoeory", "{A3578B9D-266C-4C55-96CA-6A300C7C0BBA}"
	ProjectSection(SolutionItems) = preProject
		ProjectUnderstanding.txt = ProjectUnderstanding.txt
	EndProjectSection
EndProject
Global
	GlobalSection(SolutionConfigurationPlatforms) = preSolution
		Debug|Any CPU = Debug|Any CPU
		Release|Any CPU = Release|Any CPU
	EndGlobalSection
	GlobalSection(ProjectConfigurationPlatforms) = postSolution
		{CC406433-477D-45FB-BECF-AD58FCBAC333}.Debug|Any CPU.ActiveCfg = Debug|Any CPU
		{CC406433-477D-45FB-BECF-AD58FCBAC333}.Debug|Any CPU.Build.0 = Debug|Any CPU
		{CC406433-477D-45FB-BECF-AD58FCBAC333}.Release|Any CPU.ActiveCfg = Release|Any CPU
		{CC406433-477D-45FB-BECF-AD58FCBAC333}.Release|Any CPU.Build.0 = Release|Any CPU
		{9587E1AC-0B8D-46FC-8D07-3EF3B3D7B17B}.Debug|Any CPU.ActiveCfg = Debug|Any CPU
		{9587E1AC-0B8D-46FC-8D07-3EF3B3D7B17B}.Debug|Any CPU.Build.0 = Debug|Any CPU
		{9587E1AC-0B8D-46FC-8D07-3EF3B3D7B17B}.Release|Any CPU.ActiveCfg = Release|Any CPU
		{9587E1AC-0B8D-46FC-8D07-3EF3B3D7B17B}.Release|Any CPU.Build.0 = Release|Any CPU
		{576B1B50-C388-4AB4-B89C-88B5644C11A0}.Debug|Any CPU.ActiveCfg = Debug|Any CPU
		{576B1B50-C388-4AB4-B89C-88B5644C11A0}.Debug|Any CPU.Build.0 = Debug|Any CPU
		{576B1B50-C388-4AB4-B89C-88B5644C11A0}.Release|Any CPU.ActiveCfg = Release|Any CPU
		{576B1B50-C388-4AB4-B89C-88B5644C11A0}.Release|Any CPU.Build.0 = Release|Any CPU
		{D7CAFED7-90CE-4EC6-BB64-028E31FEC3BF}.Debug|Any CPU.ActiveCfg = Debug|Any CPU
		{D7CAFED7-90CE-4EC6-BB64-028E31FEC3BF}.Debug|Any CPU.Build.0 = Debug|Any CPU
		{D7CAFED7-90CE-4EC6-BB64-028E31FEC3BF}.Release|Any CPU.ActiveCfg = Release|Any CPU
		{D7CAFED7-90CE-4EC6-BB64-028E31FEC3BF}.Release|Any CPU.Build.0 = Release|Any CPU
		{81DDED9D-158B-E303-5F62-77A2896D2A5A}.Debug|Any CPU.ActiveCfg = Debug|Any CPU
		{81DDED9D-158B-E303-5F62-77A2896D2A5A}.Debug|Any CPU.Build.0 = Debug|Any CPU
		{81DDED9D-158B-E303-5F62-77A2896D2A5A}.Release|Any CPU.ActiveCfg = Release|Any CPU
		{81DDED9D-158B-E303-5F62-77A2896D2A5A}.Release|Any CPU.Build.0 = Release|Any CPU
		{B75F389F-36D7-4A61-8DC4-3C5D8156FDC1}.Debug|Any CPU.ActiveCfg = Debug|Any CPU
		{B75F389F-36D7-4A61-8DC4-3C5D8156FDC1}.Debug|Any CPU.Build.0 = Debug|Any CPU
		{B75F389F-36D7-4A61-8DC4-3C5D8156FDC1}.Release|Any CPU.ActiveCfg = Release|Any CPU
		{B75F389F-36D7-4A61-8DC4-3C5D8156FDC1}.Release|Any CPU.Build.0 = Release|Any CPU
		{365DB65C-092E-4A27-BA85-0F0C0B1B462B}.Debug|Any CPU.ActiveCfg = Debug|Any CPU
		{365DB65C-092E-4A27-BA85-0F0C0B1B462B}.Debug|Any CPU.Build.0 = Debug|Any CPU
		{365DB65C-092E-4A27-BA85-0F0C0B1B462B}.Release|Any CPU.ActiveCfg = Release|Any CPU
		{365DB65C-092E-4A27-BA85-0F0C0B1B462B}.Release|Any CPU.Build.0 = Release|Any CPU
		{D5EB32E7-BD60-4252-8289-3274342E7A66}.Debug|Any CPU.ActiveCfg = Debug|Any CPU
		{D5EB32E7-BD60-4252-8289-3274342E7A66}.Debug|Any CPU.Build.0 = Debug|Any CPU
		{D5EB32E7-BD60-4252-8289-3274342E7A66}.Release|Any CPU.ActiveCfg = Release|Any CPU
		{D5EB32E7-BD60-4252-8289-3274342E7A66}.Release|Any CPU.Build.0 = Release|Any CPU
		{A0A3AF27-306C-4FA9-BB3F-8C60AD7A7697}.Debug|Any CPU.ActiveCfg = Debug|Any CPU
		{A0A3AF27-306C-4FA9-BB3F-8C60AD7A7697}.Debug|Any CPU.Build.0 = Debug|Any CPU
		{A0A3AF27-306C-4FA9-BB3F-8C60AD7A7697}.Release|Any CPU.ActiveCfg = Release|Any CPU
		{A0A3AF27-306C-4FA9-BB3F-8C60AD7A7697}.Release|Any CPU.Build.0 = Release|Any CPU
		{40668CE0-2223-41DE-8DF9-B2D9950740B5}.Debug|Any CPU.ActiveCfg = Debug|Any CPU
		{40668CE0-2223-41DE-8DF9-B2D9950740B5}.Debug|Any CPU.Build.0 = Debug|Any CPU
		{40668CE0-2223-41DE-8DF9-B2D9950740B5}.Release|Any CPU.ActiveCfg = Release|Any CPU
		{40668CE0-2223-41DE-8DF9-B2D9950740B5}.Release|Any CPU.Build.0 = Release|Any CPU
		{85C7D01D-D5F7-4692-9F96-DA6B2FE4CAB1}.Debug|Any CPU.ActiveCfg = Debug|Any CPU
		{85C7D01D-D5F7-4692-9F96-DA6B2FE4CAB1}.Debug|Any CPU.Build.0 = Debug|Any CPU
		{85C7D01D-D5F7-4692-9F96-DA6B2FE4CAB1}.Release|Any CPU.ActiveCfg = Release|Any CPU
		{85C7D01D-D5F7-4692-9F96-DA6B2FE4CAB1}.Release|Any CPU.Build.0 = Release|Any CPU
		{50F97228-210F-4ED4-97EB-6B916B3F9628}.Debug|Any CPU.ActiveCfg = Debug|Any CPU
		{50F97228-210F-4ED4-97EB-6B916B3F9628}.Debug|Any CPU.Build.0 = Debug|Any CPU
		{50F97228-210F-4ED4-97EB-6B916B3F9628}.Release|Any CPU.ActiveCfg = Release|Any CPU
		{50F97228-210F-4ED4-97EB-6B916B3F9628}.Release|Any CPU.Build.0 = Release|Any CPU
		{375FE1A5-833A-47FB-A51E-8C198C60AC38}.Debug|Any CPU.ActiveCfg = Debug|Any CPU
		{375FE1A5-833A-47FB-A51E-8C198C60AC38}.Debug|Any CPU.Build.0 = Debug|Any CPU
		{375FE1A5-833A-47FB-A51E-8C198C60AC38}.Release|Any CPU.ActiveCfg = Release|Any CPU
		{375FE1A5-833A-47FB-A51E-8C198C60AC38}.Release|Any CPU.Build.0 = Release|Any CPU
		{531B7858-7405-4EA3-963A-EC2AC1E9113B}.Debug|Any CPU.ActiveCfg = Debug|Any CPU
		{531B7858-7405-4EA3-963A-EC2AC1E9113B}.Debug|Any CPU.Build.0 = Debug|Any CPU
		{531B7858-7405-4EA3-963A-EC2AC1E9113B}.Release|Any CPU.ActiveCfg = Release|Any CPU
		{531B7858-7405-4EA3-963A-EC2AC1E9113B}.Release|Any CPU.Build.0 = Release|Any CPU
		{2B6F7CBB-7989-4A9F-B57C-C8A7FF14146B}.Debug|Any CPU.ActiveCfg = Debug|Any CPU
		{2B6F7CBB-7989-4A9F-B57C-C8A7FF14146B}.Debug|Any CPU.Build.0 = Debug|Any CPU
		{2B6F7CBB-7989-4A9F-B57C-C8A7FF14146B}.Release|Any CPU.ActiveCfg = Release|Any CPU
		{2B6F7CBB-7989-4A9F-B57C-C8A7FF14146B}.Release|Any CPU.Build.0 = Release|Any CPU
		{86BF1708-DC89-4598-8F87-725133449955}.Debug|Any CPU.ActiveCfg = Debug|Any CPU
		{86BF1708-DC89-4598-8F87-725133449955}.Debug|Any CPU.Build.0 = Debug|Any CPU
		{86BF1708-DC89-4598-8F87-725133449955}.Release|Any CPU.ActiveCfg = Release|Any CPU
		{86BF1708-DC89-4598-8F87-725133449955}.Release|Any CPU.Build.0 = Release|Any CPU
		{EB2F69BE-29C4-4213-BB6B-6C25EE191E6C}.Debug|Any CPU.ActiveCfg = Debug|Any CPU
		{EB2F69BE-29C4-4213-BB6B-6C25EE191E6C}.Debug|Any CPU.Build.0 = Debug|Any CPU
		{EB2F69BE-29C4-4213-BB6B-6C25EE191E6C}.Release|Any CPU.ActiveCfg = Release|Any CPU
		{EB2F69BE-29C4-4213-BB6B-6C25EE191E6C}.Release|Any CPU.Build.0 = Release|Any CPU
		{627F406D-9F48-4138-ADC1-0BB3A07882EA}.Debug|Any CPU.ActiveCfg = Debug|Any CPU
		{627F406D-9F48-4138-ADC1-0BB3A07882EA}.Debug|Any CPU.Build.0 = Debug|Any CPU
		{627F406D-9F48-4138-ADC1-0BB3A07882EA}.Release|Any CPU.ActiveCfg = Release|Any CPU
		{627F406D-9F48-4138-ADC1-0BB3A07882EA}.Release|Any CPU.Build.0 = Release|Any CPU
		{2677791C-4674-4DD7-BC70-DEA23E4D518C}.Debug|Any CPU.ActiveCfg = Debug|Any CPU
		{2677791C-4674-4DD7-BC70-DEA23E4D518C}.Debug|Any CPU.Build.0 = Debug|Any CPU
		{2677791C-4674-4DD7-BC70-DEA23E4D518C}.Release|Any CPU.ActiveCfg = Release|Any CPU
		{2677791C-4674-4DD7-BC70-DEA23E4D518C}.Release|Any CPU.Build.0 = Release|Any CPU
	EndGlobalSection
	GlobalSection(SolutionProperties) = preSolution
		HideSolutionNode = FALSE
	EndGlobalSection
	GlobalSection(NestedProjects) = preSolution
		{5A652CC4-6B91-4CA4-9631-DBED716E04C8} = {02EA681E-C7D8-13C7-8484-4AC65E1B71E8}
		{CC406433-477D-45FB-BECF-AD58FCBAC333} = {5A652CC4-6B91-4CA4-9631-DBED716E04C8}
		{9587E1AC-0B8D-46FC-8D07-3EF3B3D7B17B} = {5A652CC4-6B91-4CA4-9631-DBED716E04C8}
		{576B1B50-C388-4AB4-B89C-88B5644C11A0} = {5A652CC4-6B91-4CA4-9631-DBED716E04C8}
		{D7CAFED7-90CE-4EC6-BB64-028E31FEC3BF} = {5A652CC4-6B91-4CA4-9631-DBED716E04C8}
		{3B2C64D0-C094-4906-9171-28E0FAE3B683} = {02EA681E-C7D8-13C7-8484-4AC65E1B71E8}
		{B75F389F-36D7-4A61-8DC4-3C5D8156FDC1} = {3B2C64D0-C094-4906-9171-28E0FAE3B683}
		{365DB65C-092E-4A27-BA85-0F0C0B1B462B} = {3B2C64D0-C094-4906-9171-28E0FAE3B683}
		{D5EB32E7-BD60-4252-8289-3274342E7A66} = {3B2C64D0-C094-4906-9171-28E0FAE3B683}
		{A0A3AF27-306C-4FA9-BB3F-8C60AD7A7697} = {3B2C64D0-C094-4906-9171-28E0FAE3B683}
		{08D425A5-592B-492B-AA17-26CDDF603BCD} = {02EA681E-C7D8-13C7-8484-4AC65E1B71E8}
		{40668CE0-2223-41DE-8DF9-B2D9950740B5} = {08D425A5-592B-492B-AA17-26CDDF603BCD}
		{85C7D01D-D5F7-4692-9F96-DA6B2FE4CAB1} = {08D425A5-592B-492B-AA17-26CDDF603BCD}
		{50F97228-210F-4ED4-97EB-6B916B3F9628} = {08D425A5-592B-492B-AA17-26CDDF603BCD}
		{375FE1A5-833A-47FB-A51E-8C198C60AC38} = {08D425A5-592B-492B-AA17-26CDDF603BCD}
		{28981AF4-1BE8-4F90-A575-7C3DB8E48A5C} = {02EA681E-C7D8-13C7-8484-4AC65E1B71E8}
		{531B7858-7405-4EA3-963A-EC2AC1E9113B} = {28981AF4-1BE8-4F90-A575-7C3DB8E48A5C}
		{2B6F7CBB-7989-4A9F-B57C-C8A7FF14146B} = {28981AF4-1BE8-4F90-A575-7C3DB8E48A5C}
		{86BF1708-DC89-4598-8F87-725133449955} = {28981AF4-1BE8-4F90-A575-7C3DB8E48A5C}
		{EB2F69BE-29C4-4213-BB6B-6C25EE191E6C} = {28981AF4-1BE8-4F90-A575-7C3DB8E48A5C}
		{627F406D-9F48-4138-ADC1-0BB3A07882EA} = {45883B63-4CFA-4876-B408-22C4B37D5585}
		{2677791C-4674-4DD7-BC70-DEA23E4D518C} = {45883B63-4CFA-4876-B408-22C4B37D5585}
	EndGlobalSection
	GlobalSection(ExtensibilityGlobals) = postSolution
		SolutionGuid = {4320203A-46F9-46BA-A082-9093A6B99C8F}
	EndGlobalSection
EndGlobal
